
Microsoft Visual Studio Solution File, Format Version 12.00
# Visual Studio Version 17
VisualStudioVersion = 17.13.35825.156 d17.13
MinimumVisualStudioVersion = 10.0.40219.1
Project("{FAE04EC0-301F-11D3-BF4B-00C04F79EFBC}") = "ResumeBuilder", "ResumeBuilder.csproj", "{341238FC-9D46-47D3-9915-53B2AC1D8056}"
EndProject
Global
	GlobalSection(SolutionConfigurationPlatforms) = preSolution
		Debug|Any CPU = Debug|Any CPU
		Release|Any CPU = Release|Any CPU
	EndGlobalSection
	GlobalSection(ProjectConfigurationPlatforms) = postSolution
		{341238FC-9D46-47D3-9915-53B2AC1D8056}.Debug|Any CPU.ActiveCfg = Debug|Any CPU
		{341238FC-9D46-47D3-9915-53B2AC1D8056}.Debug|Any CPU.Build.0 = Debug|Any CPU
		{341238FC-9D46-47D3-9915-53B2AC1D8056}.Release|Any CPU.ActiveCfg = Release|Any CPU
		{341238FC-9D46-47D3-9915-53B2AC1D8056}.Release|Any CPU.Build.0 = Release|Any CPU
	EndGlobalSection
	GlobalSection(SolutionProperties) = preSolution
		HideSolutionNode = FALSE
	EndGlobalSection
	GlobalSection(ExtensibilityGlobals) = postSolution
		SolutionGuid = {264652EB-125E-4218-BCB1-B735914F4E6E}
	EndGlobalSection
EndGlobal
